// !$*UTF8*$!
{
	archiveVersion = 1;
	classes = {
	};
	objectVersion = 46;
	objects = {

/* Begin PBXBuildFile section */
		43550F101A6C039500A8FC39 /* Issues.swift in Sources */ = {isa = PBXBuildFile; fileRef = 43550F0F1A6C039500A8FC39 /* Issues.swift */; };
		43550F141A6C08FA00A8FC39 /* IssueListViewController.swift in Sources */ = {isa = PBXBuildFile; fileRef = 43550F131A6C08FA00A8FC39 /* IssueListViewController.swift */; };
		436B7D711A6ABDB3003BDE13 /* AppDelegate.swift in Sources */ = {isa = PBXBuildFile; fileRef = 436B7D701A6ABDB3003BDE13 /* AppDelegate.swift */; };
		436B7D741A6ABDB3003BDE13 /* InspectionApp1_1.xcdatamodeld in Sources */ = {isa = PBXBuildFile; fileRef = 436B7D721A6ABDB3003BDE13 /* InspectionApp1_1.xcdatamodeld */; };
		436B7D791A6ABDB3003BDE13 /* Main.storyboard in Resources */ = {isa = PBXBuildFile; fileRef = 436B7D771A6ABDB3003BDE13 /* Main.storyboard */; };
		436B7D7B1A6ABDB3003BDE13 /* Images.xcassets in Resources */ = {isa = PBXBuildFile; fileRef = 436B7D7A1A6ABDB3003BDE13 /* Images.xcassets */; };
		436B7D7E1A6ABDB3003BDE13 /* LaunchScreen.xib in Resources */ = {isa = PBXBuildFile; fileRef = 436B7D7C1A6ABDB3003BDE13 /* LaunchScreen.xib */; };
		436B7D8A1A6ABDB3003BDE13 /* InspectionApp1_1Tests.swift in Sources */ = {isa = PBXBuildFile; fileRef = 436B7D891A6ABDB3003BDE13 /* InspectionApp1_1Tests.swift */; };
		436B7D941A6AC033003BDE13 /* ProjectsTableViewController.swift in Sources */ = {isa = PBXBuildFile; fileRef = 436B7D931A6AC033003BDE13 /* ProjectsTableViewController.swift */; };
		436B7D961A6AC054003BDE13 /* AddProjectViewController.swift in Sources */ = {isa = PBXBuildFile; fileRef = 436B7D951A6AC054003BDE13 /* AddProjectViewController.swift */; };
		436B7D981A6AC27E003BDE13 /* Projects.swift in Sources */ = {isa = PBXBuildFile; fileRef = 436B7D971A6AC27E003BDE13 /* Projects.swift */; };
		439D49661A6D5BD100CE92D5 /* AddIssueViewController.swift in Sources */ = {isa = PBXBuildFile; fileRef = 439D49651A6D5BD100CE92D5 /* AddIssueViewController.swift */; };
		439D49681A6D674F00CE92D5 /* images.jpg in Resources */ = {isa = PBXBuildFile; fileRef = 439D49671A6D674F00CE92D5 /* images.jpg */; };
/* End PBXBuildFile section */

/* Begin PBXContainerItemProxy section */
		436B7D841A6ABDB3003BDE13 /* PBXContainerItemProxy */ = {
			isa = PBXContainerItemProxy;
			containerPortal = 436B7D631A6ABDB3003BDE13 /* Project object */;
			proxyType = 1;
			remoteGlobalIDString = 436B7D6A1A6ABDB3003BDE13;
			remoteInfo = InspectionApp1.1;
		};
/* End PBXContainerItemProxy section */

/* Begin PBXFileReference section */
		43550F0F1A6C039500A8FC39 /* Issues.swift */ = {isa = PBXFileReference; fileEncoding = 4; lastKnownFileType = sourcecode.swift; path = Issues.swift; sourceTree = "<group>"; };
		43550F131A6C08FA00A8FC39 /* IssueListViewController.swift */ = {isa = PBXFileReference; fileEncoding = 4; lastKnownFileType = sourcecode.swift; path = IssueListViewController.swift; sourceTree = "<group>"; };
		436B7D6B1A6ABDB3003BDE13 /* InspectionApp1.1.app */ = {isa = PBXFileReference; explicitFileType = wrapper.application; includeInIndex = 0; path = InspectionApp1.1.app; sourceTree = BUILT_PRODUCTS_DIR; };
		436B7D6F1A6ABDB3003BDE13 /* Info.plist */ = {isa = PBXFileReference; lastKnownFileType = text.plist.xml; path = Info.plist; sourceTree = "<group>"; };
		436B7D701A6ABDB3003BDE13 /* AppDelegate.swift */ = {isa = PBXFileReference; lastKnownFileType = sourcecode.swift; path = AppDelegate.swift; sourceTree = "<group>"; };
		436B7D731A6ABDB3003BDE13 /* InspectionApp1_1.xcdatamodel */ = {isa = PBXFileReference; lastKnownFileType = wrapper.xcdatamodel; path = InspectionApp1_1.xcdatamodel; sourceTree = "<group>"; };
		436B7D781A6ABDB3003BDE13 /* Base */ = {isa = PBXFileReference; lastKnownFileType = file.storyboard; name = Base; path = Base.lproj/Main.storyboard; sourceTree = "<group>"; };
		436B7D7A1A6ABDB3003BDE13 /* Images.xcassets */ = {isa = PBXFileReference; lastKnownFileType = folder.assetcatalog; path = Images.xcassets; sourceTree = "<group>"; };
		436B7D7D1A6ABDB3003BDE13 /* Base */ = {isa = PBXFileReference; lastKnownFileType = file.xib; name = Base; path = Base.lproj/LaunchScreen.xib; sourceTree = "<group>"; };
		436B7D831A6ABDB3003BDE13 /* InspectionApp1.1Tests.xctest */ = {isa = PBXFileReference; explicitFileType = wrapper.cfbundle; includeInIndex = 0; path = InspectionApp1.1Tests.xctest; sourceTree = BUILT_PRODUCTS_DIR; };
		436B7D881A6ABDB3003BDE13 /* Info.plist */ = {isa = PBXFileReference; lastKnownFileType = text.plist.xml; path = Info.plist; sourceTree = "<group>"; };
		436B7D891A6ABDB3003BDE13 /* InspectionApp1_1Tests.swift */ = {isa = PBXFileReference; lastKnownFileType = sourcecode.swift; path = InspectionApp1_1Tests.swift; sourceTree = "<group>"; };
		436B7D931A6AC033003BDE13 /* ProjectsTableViewController.swift */ = {isa = PBXFileReference; fileEncoding = 4; lastKnownFileType = sourcecode.swift; path = ProjectsTableViewController.swift; sourceTree = "<group>"; };
		436B7D951A6AC054003BDE13 /* AddProjectViewController.swift */ = {isa = PBXFileReference; fileEncoding = 4; lastKnownFileType = sourcecode.swift; path = AddProjectViewController.swift; sourceTree = "<group>"; };
		436B7D971A6AC27E003BDE13 /* Projects.swift */ = {isa = PBXFileReference; fileEncoding = 4; lastKnownFileType = sourcecode.swift; path = Projects.swift; sourceTree = "<group>"; };
		439D49651A6D5BD100CE92D5 /* AddIssueViewController.swift */ = {isa = PBXFileReference; fileEncoding = 4; lastKnownFileType = sourcecode.swift; path = AddIssueViewController.swift; sourceTree = "<group>"; };
		439D49671A6D674F00CE92D5 /* images.jpg */ = {isa = PBXFileReference; lastKnownFileType = image.jpeg; path = images.jpg; sourceTree = "<group>"; };
/* End PBXFileReference section */

/* Begin PBXFrameworksBuildPhase section */
		436B7D681A6ABDB3003BDE13 /* Frameworks */ = {
			isa = PBXFrameworksBuildPhase;
			buildActionMask = 2147483647;
			files = (
			);
			runOnlyForDeploymentPostprocessing = 0;
		};
		436B7D801A6ABDB3003BDE13 /* Frameworks */ = {
			isa = PBXFrameworksBuildPhase;
			buildActionMask = 2147483647;
			files = (
			);
			runOnlyForDeploymentPostprocessing = 0;
		};
/* End PBXFrameworksBuildPhase section */

/* Begin PBXGroup section */
		436B7D621A6ABDB3003BDE13 = {
			isa = PBXGroup;
			children = (
				436B7D6D1A6ABDB3003BDE13 /* InspectionApp1.1 */,
				436B7D861A6ABDB3003BDE13 /* InspectionApp1.1Tests */,
				436B7D6C1A6ABDB3003BDE13 /* Products */,
			);
			sourceTree = "<group>";
		};
		436B7D6C1A6ABDB3003BDE13 /* Products */ = {
			isa = PBXGroup;
			children = (
				436B7D6B1A6ABDB3003BDE13 /* InspectionApp1.1.app */,
				436B7D831A6ABDB3003BDE13 /* InspectionApp1.1Tests.xctest */,
			);
			name = Products;
			sourceTree = "<group>";
		};
		436B7D6D1A6ABDB3003BDE13 /* InspectionApp1.1 */ = {
			isa = PBXGroup;
			children = (
				439D49671A6D674F00CE92D5 /* images.jpg */,
				436B7D701A6ABDB3003BDE13 /* AppDelegate.swift */,
				436B7D971A6AC27E003BDE13 /* Projects.swift */,
				436B7D951A6AC054003BDE13 /* AddProjectViewController.swift */,
				436B7D931A6AC033003BDE13 /* ProjectsTableViewController.swift */,
				436B7D771A6ABDB3003BDE13 /* Main.storyboard */,
				436B7D7A1A6ABDB3003BDE13 /* Images.xcassets */,
				436B7D7C1A6ABDB3003BDE13 /* LaunchScreen.xib */,
				436B7D721A6ABDB3003BDE13 /* InspectionApp1_1.xcdatamodeld */,
				436B7D6E1A6ABDB3003BDE13 /* Supporting Files */,
				43550F0F1A6C039500A8FC39 /* Issues.swift */,
				439D49651A6D5BD100CE92D5 /* AddIssueViewController.swift */,
				43550F131A6C08FA00A8FC39 /* IssueListViewController.swift */,
			);
			path = InspectionApp1.1;
			sourceTree = "<group>";
		};
		436B7D6E1A6ABDB3003BDE13 /* Supporting Files */ = {
			isa = PBXGroup;
			children = (
				436B7D6F1A6ABDB3003BDE13 /* Info.plist */,
			);
			name = "Supporting Files";
			sourceTree = "<group>";
		};
		436B7D861A6ABDB3003BDE13 /* InspectionApp1.1Tests */ = {
			isa = PBXGroup;
			children = (
				436B7D891A6ABDB3003BDE13 /* InspectionApp1_1Tests.swift */,
				436B7D871A6ABDB3003BDE13 /* Supporting Files */,
			);
			path = InspectionApp1.1Tests;
			sourceTree = "<group>";
		};
		436B7D871A6ABDB3003BDE13 /* Supporting Files */ = {
			isa = PBXGroup;
			children = (
				436B7D881A6ABDB3003BDE13 /* Info.plist */,
			);
			name = "Supporting Files";
			sourceTree = "<group>";
		};
/* End PBXGroup section */

/* Begin PBXNativeTarget section */
		436B7D6A1A6ABDB3003BDE13 /* InspectionApp1.1 */ = {
			isa = PBXNativeTarget;
			buildConfigurationList = 436B7D8D1A6ABDB3003BDE13 /* Build configuration list for PBXNativeTarget "InspectionApp1.1" */;
			buildPhases = (
				436B7D671A6ABDB3003BDE13 /* Sources */,
				436B7D681A6ABDB3003BDE13 /* Frameworks */,
				436B7D691A6ABDB3003BDE13 /* Resources */,
			);
			buildRules = (
			);
			dependencies = (
			);
			name = InspectionApp1.1;
			productName = InspectionApp1.1;
			productReference = 436B7D6B1A6ABDB3003BDE13 /* InspectionApp1.1.app */;
			productType = "com.apple.product-type.application";
		};
		436B7D821A6ABDB3003BDE13 /* InspectionApp1.1Tests */ = {
			isa = PBXNativeTarget;
			buildConfigurationList = 436B7D901A6ABDB3003BDE13 /* Build configuration list for PBXNativeTarget "InspectionApp1.1Tests" */;
			buildPhases = (
				436B7D7F1A6ABDB3003BDE13 /* Sources */,
				436B7D801A6ABDB3003BDE13 /* Frameworks */,
				436B7D811A6ABDB3003BDE13 /* Resources */,
			);
			buildRules = (
			);
			dependencies = (
				436B7D851A6ABDB3003BDE13 /* PBXTargetDependency */,
			);
			name = InspectionApp1.1Tests;
			productName = InspectionApp1.1Tests;
			productReference = 436B7D831A6ABDB3003BDE13 /* InspectionApp1.1Tests.xctest */;
			productType = "com.apple.product-type.bundle.unit-test";
		};
/* End PBXNativeTarget section */

/* Begin PBXProject section */
		436B7D631A6ABDB3003BDE13 /* Project object */ = {
			isa = PBXProject;
			attributes = {
				LastUpgradeCheck = 0610;
				ORGANIZATIONNAME = "Raaef Khan";
				TargetAttributes = {
					436B7D6A1A6ABDB3003BDE13 = {
						CreatedOnToolsVersion = 6.1.1;
					};
					436B7D821A6ABDB3003BDE13 = {
						CreatedOnToolsVersion = 6.1.1;
						TestTargetID = 436B7D6A1A6ABDB3003BDE13;
					};
				};
			};
			buildConfigurationList = 436B7D661A6ABDB3003BDE13 /* Build configuration list for PBXProject "InspectionApp1.1" */;
			compatibilityVersion = "Xcode 3.2";
			developmentRegion = English;
			hasScannedForEncodings = 0;
			knownRegions = (
				en,
				Base,
			);
			mainGroup = 436B7D621A6ABDB3003BDE13;
			productRefGroup = 436B7D6C1A6ABDB3003BDE13 /* Products */;
			projectDirPath = "";
			projectRoot = "";
			targets = (
				436B7D6A1A6ABDB3003BDE13 /* InspectionApp1.1 */,
				436B7D821A6ABDB3003BDE13 /* InspectionApp1.1Tests */,
			);
		};
/* End PBXProject section */

/* Begin PBXResourcesBuildPhase section */
		436B7D691A6ABDB3003BDE13 /* Resources */ = {
			isa = PBXResourcesBuildPhase;
			buildActionMask = 2147483647;
			files = (
				436B7D791A6ABDB3003BDE13 /* Main.storyboard in Resources */,
				436B7D7E1A6ABDB3003BDE13 /* LaunchScreen.xib in Resources */,
				436B7D7B1A6ABDB3003BDE13 /* Images.xcassets in Resources */,
				439D49681A6D674F00CE92D5 /* images.jpg in Resources */,
			);
			runOnlyForDeploymentPostprocessing = 0;
		};
		436B7D811A6ABDB3003BDE13 /* Resources */ = {
			isa = PBXResourcesBuildPhase;
			buildActionMask = 2147483647;
			files = (
			);
			runOnlyForDeploymentPostprocessing = 0;
		};
/* End PBXResourcesBuildPhase section */

/* Begin PBXSourcesBuildPhase section */
		436B7D671A6ABDB3003BDE13 /* Sources */ = {
			isa = PBXSourcesBuildPhase;
			buildActionMask = 2147483647;
			files = (
				439D49661A6D5BD100CE92D5 /* AddIssueViewController.swift in Sources */,
				436B7D981A6AC27E003BDE13 /* Projects.swift in Sources */,
				436B7D961A6AC054003BDE13 /* AddProjectViewController.swift in Sources */,
				436B7D711A6ABDB3003BDE13 /* AppDelegate.swift in Sources */,
				43550F141A6C08FA00A8FC39 /* IssueListViewController.swift in Sources */,
				436B7D741A6ABDB3003BDE13 /* InspectionApp1_1.xcdatamodeld in Sources */,
				436B7D941A6AC033003BDE13 /* ProjectsTableViewController.swift in Sources */,
				43550F101A6C039500A8FC39 /* Issues.swift in Sources */,
			);
			runOnlyForDeploymentPostprocessing = 0;
		};
		436B7D7F1A6ABDB3003BDE13 /* Sources */ = {
			isa = PBXSourcesBuildPhase;
			buildActionMask = 2147483647;
			files = (
				436B7D8A1A6ABDB3003BDE13 /* InspectionApp1_1Tests.swift in Sources */,
			);
			runOnlyForDeploymentPostprocessing = 0;
		};
/* End PBXSourcesBuildPhase section */

/* Begin PBXTargetDependency section */
		436B7D851A6ABDB3003BDE13 /* PBXTargetDependency */ = {
			isa = PBXTargetDependency;
			target = 436B7D6A1A6ABDB3003BDE13 /* InspectionApp1.1 */;
			targetProxy = 436B7D841A6ABDB3003BDE13 /* PBXContainerItemProxy */;
		};
/* End PBXTargetDependency section */

/* Begin PBXVariantGroup section */
		436B7D771A6ABDB3003BDE13 /* Main.storyboard */ = {
			isa = PBXVariantGroup;
			children = (
				436B7D781A6ABDB3003BDE13 /* Base */,
			);
			name = Main.storyboard;
			sourceTree = "<group>";
		};
		436B7D7C1A6ABDB3003BDE13 /* LaunchScreen.xib */ = {
			isa = PBXVariantGroup;
			children = (
				436B7D7D1A6ABDB3003BDE13 /* Base */,
			);
			name = LaunchScreen.xib;
			sourceTree = "<group>";
		};
/* End PBXVariantGroup section */

/* Begin XCBuildConfiguration section */
		436B7D8B1A6ABDB3003BDE13 /* Debug */ = {
			isa = XCBuildConfiguration;
			buildSettings = {
				ALWAYS_SEARCH_USER_PATHS = NO;
				CLANG_CXX_LANGUAGE_STANDARD = "gnu++0x";
				CLANG_CXX_LIBRARY = "libc++";
				CLANG_ENABLE_MODULES = YES;
				CLANG_ENABLE_OBJC_ARC = YES;
				CLANG_WARN_BOOL_CONVERSION = YES;
				CLANG_WARN_CONSTANT_CONVERSION = YES;
				CLANG_WARN_DIRECT_OBJC_ISA_USAGE = YES_ERROR;
				CLANG_WARN_EMPTY_BODY = YES;
				CLANG_WARN_ENUM_CONVERSION = YES;
				CLANG_WARN_INT_CONVERSION = YES;
				CLANG_WARN_OBJC_ROOT_CLASS = YES_ERROR;
				CLANG_WARN_UNREACHABLE_CODE = YES;
				CLANG_WARN__DUPLICATE_METHOD_MATCH = YES;
				"CODE_SIGN_IDENTITY[sdk=iphoneos*]" = "iPhone Developer";
				COPY_PHASE_STRIP = NO;
				ENABLE_STRICT_OBJC_MSGSEND = YES;
				GCC_C_LANGUAGE_STANDARD = gnu99;
				GCC_DYNAMIC_NO_PIC = NO;
				GCC_OPTIMIZATION_LEVEL = 0;
				GCC_PREPROCESSOR_DEFINITIONS = (
					"DEBUG=1",
					"$(inherited)",
				);
				GCC_SYMBOLS_PRIVATE_EXTERN = NO;
				GCC_WARN_64_TO_32_BIT_CONVERSION = YES;
				GCC_WARN_ABOUT_RETURN_TYPE = YES_ERROR;
				GCC_WARN_UNDECLARED_SELECTOR = YES;
				GCC_WARN_UNINITIALIZED_AUTOS = YES_AGGRESSIVE;
				GCC_WARN_UNUSED_FUNCTION = YES;
				GCC_WARN_UNUSED_VARIABLE = YES;
				IPHONEOS_DEPLOYMENT_TARGET = 8.1;
				MTL_ENABLE_DEBUG_INFO = YES;
				ONLY_ACTIVE_ARCH = YES;
				SDKROOT = iphoneos;
				SWIFT_OPTIMIZATION_LEVEL = "-Onone";
			};
			name = Debug;
		};
		436B7D8C1A6ABDB3003BDE13 /* Release */ = {
			isa = XCBuildConfiguration;
			buildSettings = {
				ALWAYS_SEARCH_USER_PATHS = NO;
				CLANG_CXX_LANGUAGE_STANDARD = "gnu++0x";
				CLANG_CXX_LIBRARY = "libc++";
				CLANG_ENABLE_MODULES = YES;
				CLANG_ENABLE_OBJC_ARC = YES;
				CLANG_WARN_BOOL_CONVERSION = YES;
				CLANG_WARN_CONSTANT_CONVERSION = YES;
				CLANG_WARN_DIRECT_OBJC_ISA_USAGE = YES_ERROR;
				CLANG_WARN_EMPTY_BODY = YES;
				CLANG_WARN_ENUM_CONVERSION = YES;
				CLANG_WARN_INT_CONVERSION = YES;
				CLANG_WARN_OBJC_ROOT_CLASS = YES_ERROR;
				CLANG_WARN_UNREACHABLE_CODE = YES;
				CLANG_WARN__DUPLICATE_METHOD_MATCH = YES;
				"CODE_SIGN_IDENTITY[sdk=iphoneos*]" = "iPhone Developer";
				COPY_PHASE_STRIP = YES;
				ENABLE_NS_ASSERTIONS = NO;
				ENABLE_STRICT_OBJC_MSGSEND = YES;
				GCC_C_LANGUAGE_STANDARD = gnu99;
				GCC_WARN_64_TO_32_BIT_CONVERSION = YES;
				GCC_WARN_ABOUT_RETURN_TYPE = YES_ERROR;
				GCC_WARN_UNDECLARED_SELECTOR = YES;
				GCC_WARN_UNINITIALIZED_AUTOS = YES_AGGRESSIVE;
				GCC_WARN_UNUSED_FUNCTION = YES;
				GCC_WARN_UNUSED_VARIABLE = YES;
				IPHONEOS_DEPLOYMENT_TARGET = 8.1;
				MTL_ENABLE_DEBUG_INFO = NO;
				SDKROOT = iphoneos;
				VALIDATE_PRODUCT = YES;
			};
			name = Release;
		};
		436B7D8E1A6ABDB3003BDE13 /* Debug */ = {
			isa = XCBuildConfiguration;
			buildSettings = {
				ASSETCATALOG_COMPILER_APPICON_NAME = AppIcon;
				INFOPLIST_FILE = InspectionApp1.1/Info.plist;
				LD_RUNPATH_SEARCH_PATHS = "$(inherited) @executable_path/Frameworks";
				PRODUCT_NAME = "$(TARGET_NAME)";
			};
			name = Debug;
		};
		436B7D8F1A6ABDB3003BDE13 /* Release */ = {
			isa = XCBuildConfiguration;
			buildSettings = {
				ASSETCATALOG_COMPILER_APPICON_NAME = AppIcon;
				INFOPLIST_FILE = InspectionApp1.1/Info.plist;
				LD_RUNPATH_SEARCH_PATHS = "$(inherited) @executable_path/Frameworks";
				PRODUCT_NAME = "$(TARGET_NAME)";
			};
			name = Release;
		};
		436B7D911A6ABDB3003BDE13 /* Debug */ = {
			isa = XCBuildConfiguration;
			buildSettings = {
				BUNDLE_LOADER = "$(TEST_HOST)";
				FRAMEWORK_SEARCH_PATHS = (
					"$(SDKROOT)/Developer/Library/Frameworks",
					"$(inherited)",
				);
				GCC_PREPROCESSOR_DEFINITIONS = (
					"DEBUG=1",
					"$(inherited)",
				);
				INFOPLIST_FILE = InspectionApp1.1Tests/Info.plist;
				LD_RUNPATH_SEARCH_PATHS = "$(inherited) @executable_path/Frameworks @loader_path/Frameworks";
				PRODUCT_NAME = "$(TARGET_NAME)";
				TEST_HOST = "$(BUILT_PRODUCTS_DIR)/InspectionApp1.1.app/InspectionApp1.1";
			};
			name = Debug;
		};
		436B7D921A6ABDB3003BDE13 /* Release */ = {
			isa = XCBuildConfiguration;
			buildSettings = {
				BUNDLE_LOADER = "$(TEST_HOST)";
				FRAMEWORK_SEARCH_PATHS = (
					"$(SDKROOT)/Developer/Library/Frameworks",
					"$(inherited)",
				);
				INFOPLIST_FILE = InspectionApp1.1Tests/Info.plist;
				LD_RUNPATH_SEARCH_PATHS = "$(inherited) @executable_path/Frameworks @loader_path/Frameworks";
				PRODUCT_NAME = "$(TARGET_NAME)";
				TEST_HOST = "$(BUILT_PRODUCTS_DIR)/InspectionApp1.1.app/InspectionApp1.1";
			};
			name = Release;
		};
/* End XCBuildConfiguration section */

/* Begin XCConfigurationList section */
		436B7D661A6ABDB3003BDE13 /* Build configuration list for PBXProject "InspectionApp1.1" */ = {
			isa = XCConfigurationList;
			buildConfigurations = (
				436B7D8B1A6ABDB3003BDE13 /* Debug */,
				436B7D8C1A6ABDB3003BDE13 /* Release */,
			);
			defaultConfigurationIsVisible = 0;
			defaultConfigurationName = Release;
		};
		436B7D8D1A6ABDB3003BDE13 /* Build configuration list for PBXNativeTarget "InspectionApp1.1" */ = {
			isa = XCConfigurationList;
			buildConfigurations = (
				436B7D8E1A6ABDB3003BDE13 /* Debug */,
				436B7D8F1A6ABDB3003BDE13 /* Release */,
			);
			defaultConfigurationIsVisible = 0;
			defaultConfigurationName = Release;
		};
		436B7D901A6ABDB3003BDE13 /* Build configuration list for PBXNativeTarget "InspectionApp1.1Tests" */ = {
			isa = XCConfigurationList;
			buildConfigurations = (
				436B7D911A6ABDB3003BDE13 /* Debug */,
				436B7D921A6ABDB3003BDE13 /* Release */,
			);
			defaultConfigurationIsVisible = 0;
			defaultConfigurationName = Release;
		};
/* End XCConfigurationList section */

/* Begin XCVersionGroup section */
		436B7D721A6ABDB3003BDE13 /* InspectionApp1_1.xcdatamodeld */ = {
			isa = XCVersionGroup;
			children = (
				436B7D731A6ABDB3003BDE13 /* InspectionApp1_1.xcdatamodel */,
			);
			currentVersion = 436B7D731A6ABDB3003BDE13 /* InspectionApp1_1.xcdatamodel */;
			path = InspectionApp1_1.xcdatamodeld;
			sourceTree = "<group>";
			versionGroupType = wrapper.xcdatamodel;
		};
/* End XCVersionGroup section */
	};
	rootObject = 436B7D631A6ABDB3003BDE13 /* Project object */;
}
